
Microsoft Visual Studio Solution File, Format Version 12.00
# Visual Studio Version 17
VisualStudioVersion = 17.7.34031.279
MinimumVisualStudioVersion = 10.0.40219.1
Project("{FAE04EC0-301F-11D3-BF4B-00C04F79EFBC}") = "WebChineseChess", "WebChineseChess\WebChineseChess.csproj", "{55270265-4CFB-4063-9198-5B09515A00CA}"
EndProject
Project("{FAE04EC0-301F-11D3-BF4B-00C04F79EFBC}") = "Libs", "Libs\Libs.csproj", "{79AEB1CA-0E00-48BA-9C40-EFC48E14D7A0}"
EndProject
Global
	GlobalSection(SolutionConfigurationPlatforms) = preSolution
		Debug|Any CPU = Debug|Any CPU
		Release|Any CPU = Release|Any CPU
	EndGlobalSection
	GlobalSection(ProjectConfigurationPlatforms) = postSolution
		{55270265-4CFB-4063-9198-5B09515A00CA}.Debug|Any CPU.ActiveCfg = Debug|Any CPU
		{55270265-4CFB-4063-9198-5B09515A00CA}.Debug|Any CPU.Build.0 = Debug|Any CPU
		{55270265-4CFB-4063-9198-5B09515A00CA}.Release|Any CPU.ActiveCfg = Release|Any CPU
		{55270265-4CFB-4063-9198-5B09515A00CA}.Release|Any CPU.Build.0 = Release|Any CPU
		{79AEB1CA-0E00-48BA-9C40-EFC48E14D7A0}.Debug|Any CPU.ActiveCfg = Debug|Any CPU
		{79AEB1CA-0E00-48BA-9C40-EFC48E14D7A0}.Debug|Any CPU.Build.0 = Debug|Any CPU
		{79AEB1CA-0E00-48BA-9C40-EFC48E14D7A0}.Release|Any CPU.ActiveCfg = Release|Any CPU
		{79AEB1CA-0E00-48BA-9C40-EFC48E14D7A0}.Release|Any CPU.Build.0 = Release|Any CPU
	EndGlobalSection
	GlobalSection(SolutionProperties) = preSolution
		HideSolutionNode = FALSE
	EndGlobalSection
	GlobalSection(ExtensibilityGlobals) = postSolution
		SolutionGuid = {17B454D8-BCE0-415C-B313-5285A4F8EA98}
	EndGlobalSection
EndGlobal
